// !$*UTF8*$!
{
	archiveVersion = 1;
	classes = {
	};
	objectVersion = 77;
	objects = {

/* Begin PBXBuildFile section */
		A96245262FD4D9CE00BAC921 /* InventoryViewModel.swift in Sources */ = {isa = PBXBuildFile; fileRef = A96245252FD4D9CE00BAC921 /* InventoryViewModel.swift */; };
		A96245282FD4DA7100BAC921 /* RootViews.swift in Sources */ = {isa = PBXBuildFile; fileRef = A96245272FD4DA7100BAC921 /* RootViews.swift */; };
		A962452A2FD4DAA600BAC921 /* PersonnelViews.swift in Sources */ = {isa = PBXBuildFile; fileRef = A96245292FD4DAA600BAC921 /* PersonnelViews.swift */; };
		A962452C2FD4DAC300BAC921 /* InventoryViews.swift in Sources */ = {isa = PBXBuildFile; fileRef = A962452B2FD4DAC300BAC921 /* InventoryViews.swift */; };
		A962452E2FD4DAD100BAC921 /* IssueTurnInView.swift in Sources */ = {isa = PBXBuildFile; fileRef = A962452D2FD4DAD100BAC921 /* IssueTurnInView.swift */; };
		A96245302FD4DAE400BAC921 /* ReportsView.swift in Sources */ = {isa = PBXBuildFile; fileRef = A962452F2FD4DAE400BAC921 /* ReportsView.swift */; };
		A96245322FD4DAEE00BAC921 /* Models.swift in Sources */ = {isa = PBXBuildFile; fileRef = A96245312FD4DAEE00BAC921 /* Models.swift */; };
		A96245342FD4DC4000BAC921 /* ArmorySensitiveItemTrackerApp.swift in Sources */ = {isa = PBXBuildFile; fileRef = A96245332FD4DC4000BAC921 /* ArmorySensitiveItemTrackerApp.swift */; };
		A96245382FD6020D00BAC921 /* ProfileView.swift in Sources */ = {isa = PBXBuildFile; fileRef = A96245372FD6020D00BAC921 /* ProfileView.swift */; };
		A962453C2FD657F000BAC921 /* SwiftDataStore.swift in Sources */ = {isa = PBXBuildFile; fileRef = A962453B2FD657F000BAC921 /* SwiftDataStore.swift */; };
/* End PBXBuildFile section */

/* Begin PBXFileReference section */
		A96245152FD4D82400BAC921 /* ArmorySensitiveItemTracker.app */ = {isa = PBXFileReference; explicitFileType = wrapper.application; includeInIndex = 0; path = ArmorySensitiveItemTracker.app; sourceTree = BUILT_PRODUCTS_DIR; };
		A96245252FD4D9CE00BAC921 /* InventoryViewModel.swift */ = {isa = PBXFileReference; lastKnownFileType = sourcecode.swift; path = InventoryViewModel.swift; sourceTree = "<group>"; };
		A96245272FD4DA7100BAC921 /* RootViews.swift */ = {isa = PBXFileReference; lastKnownFileType = sourcecode.swift; path = RootViews.swift; sourceTree = "<group>"; };
		A96245292FD4DAA600BAC921 /* PersonnelViews.swift */ = {isa = PBXFileReference; lastKnownFileType = sourcecode.swift; path = PersonnelViews.swift; sourceTree = "<group>"; };
		A962452B2FD4DAC300BAC921 /* InventoryViews.swift */ = {isa = PBXFileReference; lastKnownFileType = sourcecode.swift; path = InventoryViews.swift; sourceTree = "<group>"; };
		A962452D2FD4DAD100BAC921 /* IssueTurnInView.swift */ = {isa = PBXFileReference; lastKnownFileType = sourcecode.swift; path = IssueTurnInView.swift; sourceTree = "<group>"; };
		A962452F2FD4DAE400BAC921 /* ReportsView.swift */ = {isa = PBXFileReference; lastKnownFileType = sourcecode.swift; path = ReportsView.swift; sourceTree = "<group>"; };
		A96245312FD4DAEE00BAC921 /* Models.swift */ = {isa = PBXFileReference; lastKnownFileType = sourcecode.swift; path = Models.swift; sourceTree = "<group>"; };
		A96245332FD4DC4000BAC921 /* ArmorySensitiveItemTrackerApp.swift */ = {isa = PBXFileReference; lastKnownFileType = sourcecode.swift; path = ArmorySensitiveItemTrackerApp.swift; sourceTree = "<group>"; };
		A96245372FD6020D00BAC921 /* ProfileView.swift */ = {isa = PBXFileReference; lastKnownFileType = sourcecode.swift; path = ProfileView.swift; sourceTree = "<group>"; };
		A962453B2FD657F000BAC921 /* SwiftDataStore.swift */ = {isa = PBXFileReference; lastKnownFileType = sourcecode.swift; path = SwiftDataStore.swift; sourceTree = "<group>"; };
/* End PBXFileReference section */

/* Begin PBXFileSystemSynchronizedRootGroup section */
		A96245172FD4D82400BAC921 /* ArmorySensitiveItemTracker */ = {
			isa = PBXFileSystemSynchronizedRootGroup;
			path = ArmorySensitiveItemTracker;
			sourceTree = "<group>";
		};
/* End PBXFileSystemSynchronizedRootGroup section */

/* Begin PBXFrameworksBuildPhase section */
		A96245122FD4D82400BAC921 /* Frameworks */ = {
			isa = PBXFrameworksBuildPhase;
			buildActionMask = 2147483647;
			files = (
			);
			runOnlyForDeploymentPostprocessing = 0;
		};
/* End PBXFrameworksBuildPhase section */

/* Begin PBXGroup section */
		A962450C2FD4D82400BAC921 = {
			isa = PBXGroup;
			children = (
				A96245252FD4D9CE00BAC921 /* InventoryViewModel.swift */,
				A962453B2FD657F000BAC921 /* SwiftDataStore.swift */,
				A96245332FD4DC4000BAC921 /* ArmorySensitiveItemTrackerApp.swift */,
				A96245272FD4DA7100BAC921 /* RootViews.swift */,
				A96245372FD6020D00BAC921 /* ProfileView.swift */,
				A96245292FD4DAA600BAC921 /* PersonnelViews.swift */,
				A962452B2FD4DAC300BAC921 /* InventoryViews.swift */,
				A962452D2FD4DAD100BAC921 /* IssueTurnInView.swift */,
				A962452F2FD4DAE400BAC921 /* ReportsView.swift */,
				A96245312FD4DAEE00BAC921 /* Models.swift */,
				A96245172FD4D82400BAC921 /* ArmorySensitiveItemTracker */,
				A96245162FD4D82400BAC921 /* Products */,
			);
			sourceTree = "<group>";
		};
		A96245162FD4D82400BAC921 /* Products */ = {
			isa = PBXGroup;
			children = (
				A96245152FD4D82400BAC921 /* ArmorySensitiveItemTracker.app */,
			);
			name = Products;
			sourceTree = "<group>";
		};
/* End PBXGroup section */

/* Begin PBXNativeTarget section */
		A96245142FD4D82400BAC921 /* ArmorySensitiveItemTracker */ = {
			isa = PBXNativeTarget;
			buildConfigurationList = A96245202FD4D82600BAC921 /* Build configuration list for PBXNativeTarget "ArmorySensitiveItemTracker" */;
			buildPhases = (
				A96245112FD4D82400BAC921 /* Sources */,
				A96245122FD4D82400BAC921 /* Frameworks */,
				A96245132FD4D82400BAC921 /* Resources */,
			);
			buildRules = (
			);
			dependencies = (
			);
			fileSystemSynchronizedGroups = (
				A96245172FD4D82400BAC921 /* ArmorySensitiveItemTracker */,
			);
			name = ArmorySensitiveItemTracker;
			packageProductDependencies = (
			);
			productName = ArmorySensitiveItemTracker;
			productReference = A96245152FD4D82400BAC921 /* ArmorySensitiveItemTracker.app */;
			productType = "com.apple.product-type.application";
		};
/* End PBXNativeTarget section */

/* Begin PBXProject section */
		A962450D2FD4D82400BAC921 /* Project object */ = {
			isa = PBXProject;
			attributes = {
				BuildIndependentTargetsInParallel = 1;
				LastSwiftUpdateCheck = 2600;
				LastUpgradeCheck = 2600;
				TargetAttributes = {
					A96245142FD4D82400BAC921 = {
						CreatedOnToolsVersion = 26.0.1;
						LastSwiftMigration = 2600;
					};
				};
			};
			buildConfigurationList = A96245102FD4D82400BAC921 /* Build configuration list for PBXProject "ArmorySensitiveItemTracker" */;
			developmentRegion = en;
			hasScannedForEncodings = 0;
			knownRegions = (
				en,
				Base,
			);
			mainGroup = A962450C2FD4D82400BAC921;
			minimizedProjectReferenceProxies = 1;
			preferredProjectObjectVersion = 77;
			productRefGroup = A96245162FD4D82400BAC921 /* Products */;
			projectDirPath = "";
			projectRoot = "";
			targets = (
				A96245142FD4D82400BAC921 /* ArmorySensitiveItemTracker */,
			);
		};
/* End PBXProject section */

/* Begin PBXResourcesBuildPhase section */
		A96245132FD4D82400BAC921 /* Resources */ = {
			isa = PBXResourcesBuildPhase;
			buildActionMask = 2147483647;
			files = (
			);
			runOnlyForDeploymentPostprocessing = 0;
		};
/* End PBXResourcesBuildPhase section */

/* Begin PBXSourcesBuildPhase section */
		A96245112FD4D82400BAC921 /* Sources */ = {
			isa = PBXSourcesBuildPhase;
			buildActionMask = 2147483647;
			files = (
				A96245282FD4DA7100BAC921 /* RootViews.swift in Sources */,
				A962453C2FD657F000BAC921 /* SwiftDataStore.swift in Sources */,
				A96245382FD6020D00BAC921 /* ProfileView.swift in Sources */,
				A96245262FD4D9CE00BAC921 /* InventoryViewModel.swift in Sources */,
				A962452E2FD4DAD100BAC921 /* IssueTurnInView.swift in Sources */,
				A962452A2FD4DAA600BAC921 /* PersonnelViews.swift in Sources */,
				A96245302FD4DAE400BAC921 /* ReportsView.swift in Sources */,
				A962452C2FD4DAC300BAC921 /* InventoryViews.swift in Sources */,
				A96245342FD4DC4000BAC921 /* ArmorySensitiveItemTrackerApp.swift in Sources */,
				A96245322FD4DAEE00BAC921 /* Models.swift in Sources */,
			);
			runOnlyForDeploymentPostprocessing = 0;
		};
/* End PBXSourcesBuildPhase section */

/* Begin XCBuildConfiguration section */
		A962451E2FD4D82600BAC921 /* Debug */ = {
			isa = XCBuildConfiguration;
			buildSettings = {
				ALWAYS_SEARCH_USER_PATHS = NO;
				ASSETCATALOG_COMPILER_GENERATE_SWIFT_ASSET_SYMBOL_EXTENSIONS = YES;
				CLANG_ANALYZER_NONNULL = YES;
				CLANG_ANALYZER_NUMBER_OBJECT_CONVERSION = YES_AGGRESSIVE;
				CLANG_CXX_LANGUAGE_STANDARD = "gnu++20";
				CLANG_ENABLE_MODULES = YES;
				CLANG_ENABLE_OBJC_ARC = YES;
				CLANG_ENABLE_OBJC_WEAK = YES;
				CLANG_WARN_BLOCK_CAPTURE_AUTORELEASING = YES;
				CLANG_WARN_BOOL_CONVERSION = YES;
				CLANG_WARN_COMMA = YES;
				CLANG_WARN_CONSTANT_CONVERSION = YES;
				CLANG_WARN_DEPRECATED_OBJC_IMPLEMENTATIONS = YES;
				CLANG_WARN_DIRECT_OBJC_ISA_USAGE = YES_ERROR;
				CLANG_WARN_DOCUMENTATION_COMMENTS = YES;
				CLANG_WARN_EMPTY_BODY = YES;
				CLANG_WARN_ENUM_CONVERSION = YES;
				CLANG_WARN_INFINITE_RECURSION = YES;
				CLANG_WARN_INT_CONVERSION = YES;
				CLANG_WARN_NON_LITERAL_NULL_CONVERSION = YES;
				CLANG_WARN_OBJC_IMPLICIT_RETAIN_SELF = YES;
				CLANG_WARN_OBJC_LITERAL_CONVERSION = YES;
				CLANG_WARN_OBJC_ROOT_CLASS = YES_ERROR;
				CLANG_WARN_QUOTED_INCLUDE_IN_FRAMEWORK_HEADER = YES;
				CLANG_WARN_RANGE_LOOP_ANALYSIS = YES;
				CLANG_WARN_STRICT_PROTOTYPES = YES;
				CLANG_WARN_SUSPICIOUS_MOVE = YES;
				CLANG_WARN_UNGUARDED_AVAILABILITY = YES_AGGRESSIVE;
				CLANG_WARN_UNREACHABLE_CODE = YES;
				CLANG_WARN__DUPLICATE_METHOD_MATCH = YES;
				COPY_PHASE_STRIP = NO;
				DEBUG_INFORMATION_FORMAT = dwarf;
				ENABLE_STRICT_OBJC_MSGSEND = YES;
				ENABLE_TESTABILITY = YES;
				ENABLE_USER_SCRIPT_SANDBOXING = YES;
				GCC_C_LANGUAGE_STANDARD = gnu17;
				GCC_DYNAMIC_NO_PIC = NO;
				GCC_NO_COMMON_BLOCKS = YES;
				GCC_OPTIMIZATION_LEVEL = 0;
				GCC_PREPROCESSOR_DEFINITIONS = (
					"DEBUG=1",
					"$(inherited)",
				);
				GCC_WARN_64_TO_32_BIT_CONVERSION = YES;
				GCC_WARN_ABOUT_RETURN_TYPE = YES_ERROR;
				GCC_WARN_UNDECLARED_SELECTOR = YES;
				GCC_WARN_UNINITIALIZED_AUTOS = YES_AGGRESSIVE;
				GCC_WARN_UNUSED_FUNCTION = YES;
				GCC_WARN_UNUSED_VARIABLE = YES;
				IPHONEOS_DEPLOYMENT_TARGET = 26.0;
				LOCALIZATION_PREFERS_STRING_CATALOGS = YES;
				MTL_ENABLE_DEBUG_INFO = INCLUDE_SOURCE;
				MTL_FAST_MATH = YES;
				ONLY_ACTIVE_ARCH = YES;
				SDKROOT = iphoneos;
				SWIFT_ACTIVE_COMPILATION_CONDITIONS = "DEBUG $(inherited)";
				SWIFT_OPTIMIZATION_LEVEL = "-Onone";
			};
			name = Debug;
		};
		A962451F2FD4D82600BAC921 /* Release */ = {
			isa = XCBuildConfiguration;
			buildSettings = {
				ALWAYS_SEARCH_USER_PATHS = NO;
				ASSETCATALOG_COMPILER_GENERATE_SWIFT_ASSET_SYMBOL_EXTENSIONS = YES;
				CLANG_ANALYZER_NONNULL = YES;
				CLANG_ANALYZER_NUMBER_OBJECT_CONVERSION = YES_AGGRESSIVE;
				CLANG_CXX_LANGUAGE_STANDARD = "gnu++20";
				CLANG_ENABLE_MODULES = YES;
				CLANG_ENABLE_OBJC_ARC = YES;
				CLANG_ENABLE_OBJC_WEAK = YES;
				CLANG_WARN_BLOCK_CAPTURE_AUTORELEASING = YES;
				CLANG_WARN_BOOL_CONVERSION = YES;
				CLANG_WARN_COMMA = YES;
				CLANG_WARN_CONSTANT_CONVERSION = YES;
				CLANG_WARN_DEPRECATED_OBJC_IMPLEMENTATIONS = YES;
				CLANG_WARN_DIRECT_OBJC_ISA_USAGE = YES_ERROR;
				CLANG_WARN_DOCUMENTATION_COMMENTS = YES;
				CLANG_WARN_EMPTY_BODY = YES;
				CLANG_WARN_ENUM_CONVERSION = YES;
				CLANG_WARN_INFINITE_RECURSION = YES;
				CLANG_WARN_INT_CONVERSION = YES;
				CLANG_WARN_NON_LITERAL_NULL_CONVERSION = YES;
				CLANG_WARN_OBJC_IMPLICIT_RETAIN_SELF = YES;
				CLANG_WARN_OBJC_LITERAL_CONVERSION = YES;
				CLANG_WARN_OBJC_ROOT_CLASS = YES_ERROR;
				CLANG_WARN_QUOTED_INCLUDE_IN_FRAMEWORK_HEADER = YES;
				CLANG_WARN_RANGE_LOOP_ANALYSIS = YES;
				CLANG_WARN_STRICT_PROTOTYPES = YES;
				CLANG_WARN_SUSPICIOUS_MOVE = YES;
				CLANG_WARN_UNGUARDED_AVAILABILITY = YES_AGGRESSIVE;
				CLANG_WARN_UNREACHABLE_CODE = YES;
				CLANG_WARN__DUPLICATE_METHOD_MATCH = YES;
				COPY_PHASE_STRIP = NO;
				DEBUG_INFORMATION_FORMAT = "dwarf-with-dsym";
				ENABLE_NS_ASSERTIONS = NO;
				ENABLE_STRICT_OBJC_MSGSEND = YES;
				ENABLE_USER_SCRIPT_SANDBOXING = YES;
				GCC_C_LANGUAGE_STANDARD = gnu17;
				GCC_NO_COMMON_BLOCKS = YES;
				GCC_WARN_64_TO_32_BIT_CONVERSION = YES;
				GCC_WARN_ABOUT_RETURN_TYPE = YES_ERROR;
				GCC_WARN_UNDECLARED_SELECTOR = YES;
				GCC_WARN_UNINITIALIZED_AUTOS = YES_AGGRESSIVE;
				GCC_WARN_UNUSED_FUNCTION = YES;
				GCC_WARN_UNUSED_VARIABLE = YES;
				IPHONEOS_DEPLOYMENT_TARGET = 26.0;
				LOCALIZATION_PREFERS_STRING_CATALOGS = YES;
				MTL_ENABLE_DEBUG_INFO = NO;
				MTL_FAST_MATH = YES;
				SDKROOT = iphoneos;
				SWIFT_COMPILATION_MODE = wholemodule;
				VALIDATE_PRODUCT = YES;
			};
			name = Release;
		};
		A96245212FD4D82600BAC921 /* Debug */ = {
			isa = XCBuildConfiguration;
			buildSettings = {
				ASSETCATALOG_COMPILER_APPICON_NAME = AppIcon;
				ASSETCATALOG_COMPILER_GLOBAL_ACCENT_COLOR_NAME = AccentColor;
				CLANG_ENABLE_MODULES = YES;
				CODE_SIGN_STYLE = Automatic;
				CURRENT_PROJECT_VERSION = 1;
				ENABLE_PREVIEWS = YES;
				GENERATE_INFOPLIST_FILE = YES;
				INFOPLIST_KEY_UIApplicationSceneManifest_Generation = YES;
				INFOPLIST_KEY_UIApplicationSupportsIndirectInputEvents = YES;
				INFOPLIST_KEY_UILaunchScreen_Generation = YES;
				INFOPLIST_KEY_UISupportedInterfaceOrientations_iPad = "UIInterfaceOrientationPortrait UIInterfaceOrientationPortraitUpsideDown UIInterfaceOrientationLandscapeLeft UIInterfaceOrientationLandscapeRight";
				INFOPLIST_KEY_UISupportedInterfaceOrientations_iPhone = "UIInterfaceOrientationPortrait UIInterfaceOrientationLandscapeLeft UIInterfaceOrientationLandscapeRight";
				LD_RUNPATH_SEARCH_PATHS = (
					"$(inherited)",
					"@executable_path/Frameworks",
				);
				MARKETING_VERSION = 1.0;
				PRODUCT_BUNDLE_IDENTIFIER = com.depaul.ArmorySensitiveItemTracker;
				PRODUCT_NAME = "$(TARGET_NAME)";
				STRING_CATALOG_GENERATE_SYMBOLS = YES;
				SWIFT_APPROACHABLE_CONCURRENCY = YES;
				SWIFT_DEFAULT_ACTOR_ISOLATION = MainActor;
				SWIFT_EMIT_LOC_STRINGS = YES;
				SWIFT_OPTIMIZATION_LEVEL = "-Onone";
				SWIFT_UPCOMING_FEATURE_MEMBER_IMPORT_VISIBILITY = YES;
				SWIFT_VERSION = 5.0;
				TARGETED_DEVICE_FAMILY = "1,2";
			};
			name = Debug;
		};
		A96245222FD4D82600BAC921 /* Release */ = {
			isa = XCBuildConfiguration;
			buildSettings = {
				ASSETCATALOG_COMPILER_APPICON_NAME = AppIcon;
				ASSETCATALOG_COMPILER_GLOBAL_ACCENT_COLOR_NAME = AccentColor;
				CLANG_ENABLE_MODULES = YES;
				CODE_SIGN_STYLE = Automatic;
				CURRENT_PROJECT_VERSION = 1;
				ENABLE_PREVIEWS = YES;
				GENERATE_INFOPLIST_FILE = YES;
				INFOPLIST_KEY_UIApplicationSceneManifest_Generation = YES;
				INFOPLIST_KEY_UIApplicationSupportsIndirectInputEvents = YES;
				INFOPLIST_KEY_UILaunchScreen_Generation = YES;
				INFOPLIST_KEY_UISupportedInterfaceOrientations_iPad = "UIInterfaceOrientationPortrait UIInterfaceOrientationPortraitUpsideDown UIInterfaceOrientationLandscapeLeft UIInterfaceOrientationLandscapeRight";
				INFOPLIST_KEY_UISupportedInterfaceOrientations_iPhone = "UIInterfaceOrientationPortrait UIInterfaceOrientationLandscapeLeft UIInterfaceOrientationLandscapeRight";
				LD_RUNPATH_SEARCH_PATHS = (
					"$(inherited)",
					"@executable_path/Frameworks",
				);
				MARKETING_VERSION = 1.0;
				PRODUCT_BUNDLE_IDENTIFIER = com.depaul.ArmorySensitiveItemTracker;
				PRODUCT_NAME = "$(TARGET_NAME)";
				STRING_CATALOG_GENERATE_SYMBOLS = YES;
				SWIFT_APPROACHABLE_CONCURRENCY = YES;
				SWIFT_DEFAULT_ACTOR_ISOLATION = MainActor;
				SWIFT_EMIT_LOC_STRINGS = YES;
				SWIFT_UPCOMING_FEATURE_MEMBER_IMPORT_VISIBILITY = YES;
				SWIFT_VERSION = 5.0;
				TARGETED_DEVICE_FAMILY = "1,2";
			};
			name = Release;
		};
/* End XCBuildConfiguration section */

/* Begin XCConfigurationList section */
		A96245102FD4D82400BAC921 /* Build configuration list for PBXProject "ArmorySensitiveItemTracker" */ = {
			isa = XCConfigurationList;
			buildConfigurations = (
				A962451E2FD4D82600BAC921 /* Debug */,
				A962451F2FD4D82600BAC921 /* Release */,
			);
			defaultConfigurationIsVisible = 0;
			defaultConfigurationName = Release;
		};
		A96245202FD4D82600BAC921 /* Build configuration list for PBXNativeTarget "ArmorySensitiveItemTracker" */ = {
			isa = XCConfigurationList;
			buildConfigurations = (
				A96245212FD4D82600BAC921 /* Debug */,
				A96245222FD4D82600BAC921 /* Release */,
			);
			defaultConfigurationIsVisible = 0;
			defaultConfigurationName = Release;
		};
/* End XCConfigurationList section */
	};
	rootObject = A962450D2FD4D82400BAC921 /* Project object */;
}
